
Microsoft Visual Studio Solution File, Format Version 12.00
# Visual Studio Version 17
VisualStudioVersion = 17.4.33122.133
MinimumVisualStudioVersion = 10.0.40219.1
Project("{9A19103F-16F7-4668-BE54-9A1E7A4F7556}") = "GrpcClient", "GrpcClient\GrpcClient.csproj", "{268E86BD-76FF-4922-A18F-69B64E0AD03A}"
EndProject
Project("{9A19103F-16F7-4668-BE54-9A1E7A4F7556}") = "GrpcServer", "GrpcServer\GrpcServer.csproj", "{3882D133-FEAE-4F68-89BF-3580A2C173F0}"
EndProject
Global
	GlobalSection(SolutionConfigurationPlatforms) = preSolution
		Debug|Any CPU = Debug|Any CPU
		Release|Any CPU = Release|Any CPU
	EndGlobalSection
	GlobalSection(ProjectConfigurationPlatforms) = postSolution
		{268E86BD-76FF-4922-A18F-69B64E0AD03A}.Debug|Any CPU.ActiveCfg = Debug|Any CPU
		{268E86BD-76FF-4922-A18F-69B64E0AD03A}.Debug|Any CPU.Build.0 = Debug|Any CPU
		{268E86BD-76FF-4922-A18F-69B64E0AD03A}.Release|Any CPU.ActiveCfg = Release|Any CPU
		{268E86BD-76FF-4922-A18F-69B64E0AD03A}.Release|Any CPU.Build.0 = Release|Any CPU
		{3882D133-FEAE-4F68-89BF-3580A2C173F0}.Debug|Any CPU.ActiveCfg = Debug|Any CPU
		{3882D133-FEAE-4F68-89BF-3580A2C173F0}.Debug|Any CPU.Build.0 = Debug|Any CPU
		{3882D133-FEAE-4F68-89BF-3580A2C173F0}.Release|Any CPU.ActiveCfg = Release|Any CPU
		{3882D133-FEAE-4F68-89BF-3580A2C173F0}.Release|Any CPU.Build.0 = Release|Any CPU
	EndGlobalSection
	GlobalSection(SolutionProperties) = preSolution
		HideSolutionNode = FALSE
	EndGlobalSection
	GlobalSection(ExtensibilityGlobals) = postSolution
		SolutionGuid = {079726F2-D7D2-406C-BFA0-8DB2776E5C81}
	EndGlobalSection
EndGlobal
