
Microsoft Visual Studio Solution File, Format Version 12.00
# Visual Studio Version 17
VisualStudioVersion = 17.4.33103.184
MinimumVisualStudioVersion = 10.0.40219.1
Project("{9A19103F-16F7-4668-BE54-9A1E7A4F7556}") = "DataLayer", "DataLayer\DataLayer.csproj", "{57AA427E-FFB5-41BE-8138-806322BE01DE}"
EndProject
Project("{9A19103F-16F7-4668-BE54-9A1E7A4F7556}") = "Presentation", "Presentation\Presentation.csproj", "{88C4F924-C0EB-4107-9DC9-9F22AE46460E}"
EndProject
Global
	GlobalSection(SolutionConfigurationPlatforms) = preSolution
		Debug|Any CPU = Debug|Any CPU
		Release|Any CPU = Release|Any CPU
	EndGlobalSection
	GlobalSection(ProjectConfigurationPlatforms) = postSolution
		{57AA427E-FFB5-41BE-8138-806322BE01DE}.Debug|Any CPU.ActiveCfg = Debug|Any CPU
		{57AA427E-FFB5-41BE-8138-806322BE01DE}.Debug|Any CPU.Build.0 = Debug|Any CPU
		{57AA427E-FFB5-41BE-8138-806322BE01DE}.Release|Any CPU.ActiveCfg = Release|Any CPU
		{57AA427E-FFB5-41BE-8138-806322BE01DE}.Release|Any CPU.Build.0 = Release|Any CPU
		{88C4F924-C0EB-4107-9DC9-9F22AE46460E}.Debug|Any CPU.ActiveCfg = Debug|Any CPU
		{88C4F924-C0EB-4107-9DC9-9F22AE46460E}.Debug|Any CPU.Build.0 = Debug|Any CPU
		{88C4F924-C0EB-4107-9DC9-9F22AE46460E}.Release|Any CPU.ActiveCfg = Release|Any CPU
		{88C4F924-C0EB-4107-9DC9-9F22AE46460E}.Release|Any CPU.Build.0 = Release|Any CPU
	EndGlobalSection
	GlobalSection(SolutionProperties) = preSolution
		HideSolutionNode = FALSE
	EndGlobalSection
	GlobalSection(ExtensibilityGlobals) = postSolution
		SolutionGuid = {CEB84778-ED31-4C03-B108-025135DBC7F0}
	EndGlobalSection
EndGlobal
