
Microsoft Visual Studio Solution File, Format Version 12.00
# Visual Studio Version 17
VisualStudioVersion = 17.4.33122.133
MinimumVisualStudioVersion = 10.0.40219.1
Project("{9A19103F-16F7-4668-BE54-9A1E7A4F7556}") = "TimeToLive", "TimeToLive.csproj", "{EB29FC08-C1B0-4B6D-A805-B700DA2B75FE}"
EndProject
Global
	GlobalSection(SolutionConfigurationPlatforms) = preSolution
		Debug|Any CPU = Debug|Any CPU
		Release|Any CPU = Release|Any CPU
	EndGlobalSection
	GlobalSection(ProjectConfigurationPlatforms) = postSolution
		{EB29FC08-C1B0-4B6D-A805-B700DA2B75FE}.Debug|Any CPU.ActiveCfg = Debug|Any CPU
		{EB29FC08-C1B0-4B6D-A805-B700DA2B75FE}.Debug|Any CPU.Build.0 = Debug|Any CPU
		{EB29FC08-C1B0-4B6D-A805-B700DA2B75FE}.Release|Any CPU.ActiveCfg = Release|Any CPU
		{EB29FC08-C1B0-4B6D-A805-B700DA2B75FE}.Release|Any CPU.Build.0 = Release|Any CPU
	EndGlobalSection
	GlobalSection(SolutionProperties) = preSolution
		HideSolutionNode = FALSE
	EndGlobalSection
	GlobalSection(ExtensibilityGlobals) = postSolution
		SolutionGuid = {0EB6FEE4-C902-4296-98B4-5F3329C1415A}
	EndGlobalSection
EndGlobal
